// !$*UTF8*$!
{
	archiveVersion = 1;
	classes = {
	};
	objectVersion = 46;
	objects = {

/* Begin PBXBuildFile section */
		8F8A32B5160C0CD100C1C1F8 /* UIKit.framework in Frameworks */ = {isa = PBXBuildFile; fileRef = 8F8A32B4160C0CD100C1C1F8 /* UIKit.framework */; };
		8F8A32B7160C0CD100C1C1F8 /* Foundation.framework in Frameworks */ = {isa = PBXBuildFile; fileRef = 8F8A32B6160C0CD100C1C1F8 /* Foundation.framework */; };
		8F8A32B9160C0CD100C1C1F8 /* CoreGraphics.framework in Frameworks */ = {isa = PBXBuildFile; fileRef = 8F8A32B8160C0CD100C1C1F8 /* CoreGraphics.framework */; };
		8F8A32BF160C0CD100C1C1F8 /* InfoPlist.strings in Resources */ = {isa = PBXBuildFile; fileRef = 8F8A32BD160C0CD100C1C1F8 /* InfoPlist.strings */; };
		8F8A32C1160C0CD100C1C1F8 /* main.m in Sources */ = {isa = PBXBuildFile; fileRef = 8F8A32C0160C0CD100C1C1F8 /* main.m */; };
		8F8A32C5160C0CD100C1C1F8 /* AppDelegate.m in Sources */ = {isa = PBXBuildFile; fileRef = 8F8A32C4160C0CD100C1C1F8 /* AppDelegate.m */; };
		8F8A32C8160C0CD100C1C1F8 /* RootViewController.m in Sources */ = {isa = PBXBuildFile; fileRef = 8F8A32C7160C0CD100C1C1F8 /* RootViewController.m */; };
		8F8A32CB160C0CD100C1C1F8 /* DataViewController.m in Sources */ = {isa = PBXBuildFile; fileRef = 8F8A32CA160C0CD100C1C1F8 /* DataViewController.m */; };
		8F8A32CE160C0CD100C1C1F8 /* ModelController.m in Sources */ = {isa = PBXBuildFile; fileRef = 8F8A32CD160C0CD100C1C1F8 /* ModelController.m */; };
		8F8A32D1160C0CD100C1C1F8 /* MainStoryboard_iPhone.storyboard in Resources */ = {isa = PBXBuildFile; fileRef = 8F8A32CF160C0CD100C1C1F8 /* MainStoryboard_iPhone.storyboard */; };
		8F8A32D4160C0CD100C1C1F8 /* MainStoryboard_iPad.storyboard in Resources */ = {isa = PBXBuildFile; fileRef = 8F8A32D2160C0CD100C1C1F8 /* MainStoryboard_iPad.storyboard */; };
		8F8A32DC160C0CD100C1C1F8 /* SenTestingKit.framework in Frameworks */ = {isa = PBXBuildFile; fileRef = 8F8A32DB160C0CD100C1C1F8 /* SenTestingKit.framework */; };
		8F8A32DD160C0CD100C1C1F8 /* UIKit.framework in Frameworks */ = {isa = PBXBuildFile; fileRef = 8F8A32B4160C0CD100C1C1F8 /* UIKit.framework */; };
		8F8A32DE160C0CD100C1C1F8 /* Foundation.framework in Frameworks */ = {isa = PBXBuildFile; fileRef = 8F8A32B6160C0CD100C1C1F8 /* Foundation.framework */; };
		8F8A32E6160C0CD100C1C1F8 /* InfoPlist.strings in Resources */ = {isa = PBXBuildFile; fileRef = 8F8A32E4160C0CD100C1C1F8 /* InfoPlist.strings */; };
		8F8A32E9160C0CD100C1C1F8 /* RandomTests.m in Sources */ = {isa = PBXBuildFile; fileRef = 8F8A32E8160C0CD100C1C1F8 /* RandomTests.m */; };
/* End PBXBuildFile section */

/* Begin PBXContainerItemProxy section */
		8F8A32DF160C0CD100C1C1F8 /* PBXContainerItemProxy */ = {
			isa = PBXContainerItemProxy;
			containerPortal = 8F8A32A7160C0CD100C1C1F8 /* Project object */;
			proxyType = 1;
			remoteGlobalIDString = 8F8A32AF160C0CD100C1C1F8;
			remoteInfo = Random;
		};
/* End PBXContainerItemProxy section */

/* Begin PBXFileReference section */
		8F8A32B0160C0CD100C1C1F8 /* Random.app */ = {isa = PBXFileReference; explicitFileType = wrapper.application; includeInIndex = 0; path = Random.app; sourceTree = BUILT_PRODUCTS_DIR; };
		8F8A32B4160C0CD100C1C1F8 /* UIKit.framework */ = {isa = PBXFileReference; lastKnownFileType = wrapper.framework; name = UIKit.framework; path = System/Library/Frameworks/UIKit.framework; sourceTree = SDKROOT; };
		8F8A32B6160C0CD100C1C1F8 /* Foundation.framework */ = {isa = PBXFileReference; lastKnownFileType = wrapper.framework; name = Foundation.framework; path = System/Library/Frameworks/Foundation.framework; sourceTree = SDKROOT; };
		8F8A32B8160C0CD100C1C1F8 /* CoreGraphics.framework */ = {isa = PBXFileReference; lastKnownFileType = wrapper.framework; name = CoreGraphics.framework; path = System/Library/Frameworks/CoreGraphics.framework; sourceTree = SDKROOT; };
		8F8A32BC160C0CD100C1C1F8 /* Random-Info.plist */ = {isa = PBXFileReference; lastKnownFileType = text.plist.xml; path = "Random-Info.plist"; sourceTree = "<group>"; };
		8F8A32BE160C0CD100C1C1F8 /* en */ = {isa = PBXFileReference; lastKnownFileType = text.plist.strings; name = en; path = en.lproj/InfoPlist.strings; sourceTree = "<group>"; };
		8F8A32C0160C0CD100C1C1F8 /* main.m */ = {isa = PBXFileReference; lastKnownFileType = sourcecode.c.objc; path = main.m; sourceTree = "<group>"; };
		8F8A32C2160C0CD100C1C1F8 /* Random-Prefix.pch */ = {isa = PBXFileReference; lastKnownFileType = sourcecode.c.h; path = "Random-Prefix.pch"; sourceTree = "<group>"; };
		8F8A32C3160C0CD100C1C1F8 /* AppDelegate.h */ = {isa = PBXFileReference; lastKnownFileType = sourcecode.c.h; path = AppDelegate.h; sourceTree = "<group>"; };
		8F8A32C4160C0CD100C1C1F8 /* AppDelegate.m */ = {isa = PBXFileReference; lastKnownFileType = sourcecode.c.objc; path = AppDelegate.m; sourceTree = "<group>"; };
		8F8A32C6160C0CD100C1C1F8 /* RootViewController.h */ = {isa = PBXFileReference; lastKnownFileType = sourcecode.c.h; path = RootViewController.h; sourceTree = "<group>"; };
		8F8A32C7160C0CD100C1C1F8 /* RootViewController.m */ = {isa = PBXFileReference; lastKnownFileType = sourcecode.c.objc; path = RootViewController.m; sourceTree = "<group>"; };
		8F8A32C9160C0CD100C1C1F8 /* DataViewController.h */ = {isa = PBXFileReference; lastKnownFileType = sourcecode.c.h; path = DataViewController.h; sourceTree = "<group>"; };
		8F8A32CA160C0CD100C1C1F8 /* DataViewController.m */ = {isa = PBXFileReference; lastKnownFileType = sourcecode.c.objc; path = DataViewController.m; sourceTree = "<group>"; };
		8F8A32CC160C0CD100C1C1F8 /* ModelController.h */ = {isa = PBXFileReference; lastKnownFileType = sourcecode.c.h; path = ModelController.h; sourceTree = "<group>"; };
		8F8A32CD160C0CD100C1C1F8 /* ModelController.m */ = {isa = PBXFileReference; lastKnownFileType = sourcecode.c.objc; path = ModelController.m; sourceTree = "<group>"; };
		8F8A32D0160C0CD100C1C1F8 /* en */ = {isa = PBXFileReference; lastKnownFileType = file.storyboard; name = en; path = en.lproj/MainStoryboard_iPhone.storyboard; sourceTree = "<group>"; };
		8F8A32D3160C0CD100C1C1F8 /* en */ = {isa = PBXFileReference; lastKnownFileType = file.storyboard; name = en; path = en.lproj/MainStoryboard_iPad.storyboard; sourceTree = "<group>"; };
		8F8A32DA160C0CD100C1C1F8 /* RandomTests.octest */ = {isa = PBXFileReference; explicitFileType = wrapper.cfbundle; includeInIndex = 0; path = RandomTests.octest; sourceTree = BUILT_PRODUCTS_DIR; };
		8F8A32DB160C0CD100C1C1F8 /* SenTestingKit.framework */ = {isa = PBXFileReference; lastKnownFileType = wrapper.framework; name = SenTestingKit.framework; path = Library/Frameworks/SenTestingKit.framework; sourceTree = DEVELOPER_DIR; };
		8F8A32E3160C0CD100C1C1F8 /* RandomTests-Info.plist */ = {isa = PBXFileReference; lastKnownFileType = text.plist.xml; path = "RandomTests-Info.plist"; sourceTree = "<group>"; };
		8F8A32E5160C0CD100C1C1F8 /* en */ = {isa = PBXFileReference; lastKnownFileType = text.plist.strings; name = en; path = en.lproj/InfoPlist.strings; sourceTree = "<group>"; };
		8F8A32E7160C0CD100C1C1F8 /* RandomTests.h */ = {isa = PBXFileReference; lastKnownFileType = sourcecode.c.h; path = RandomTests.h; sourceTree = "<group>"; };
		8F8A32E8160C0CD100C1C1F8 /* RandomTests.m */ = {isa = PBXFileReference; lastKnownFileType = sourcecode.c.objc; path = RandomTests.m; sourceTree = "<group>"; };
/* End PBXFileReference section */

/* Begin PBXFrameworksBuildPhase section */
		8F8A32AD160C0CD100C1C1F8 /* Frameworks */ = {
			isa = PBXFrameworksBuildPhase;
			buildActionMask = 2147483647;
			files = (
				8F8A32B5160C0CD100C1C1F8 /* UIKit.framework in Frameworks */,
				8F8A32B7160C0CD100C1C1F8 /* Foundation.framework in Frameworks */,
				8F8A32B9160C0CD100C1C1F8 /* CoreGraphics.framework in Frameworks */,
			);
			runOnlyForDeploymentPostprocessing = 0;
		};
		8F8A32D6160C0CD100C1C1F8 /* Frameworks */ = {
			isa = PBXFrameworksBuildPhase;
			buildActionMask = 2147483647;
			files = (
				8F8A32DC160C0CD100C1C1F8 /* SenTestingKit.framework in Frameworks */,
				8F8A32DD160C0CD100C1C1F8 /* UIKit.framework in Frameworks */,
				8F8A32DE160C0CD100C1C1F8 /* Foundation.framework in Frameworks */,
			);
			runOnlyForDeploymentPostprocessing = 0;
		};
/* End PBXFrameworksBuildPhase section */

/* Begin PBXGroup section */
		8F8A32A5160C0CD100C1C1F8 = {
			isa = PBXGroup;
			children = (
				8F8A32BA160C0CD100C1C1F8 /* Random */,
				8F8A32E1160C0CD100C1C1F8 /* RandomTests */,
				8F8A32B3160C0CD100C1C1F8 /* Frameworks */,
				8F8A32B1160C0CD100C1C1F8 /* Products */,
			);
			sourceTree = "<group>";
		};
		8F8A32B1160C0CD100C1C1F8 /* Products */ = {
			isa = PBXGroup;
			children = (
				8F8A32B0160C0CD100C1C1F8 /* Random.app */,
				8F8A32DA160C0CD100C1C1F8 /* RandomTests.octest */,
			);
			name = Products;
			sourceTree = "<group>";
		};
		8F8A32B3160C0CD100C1C1F8 /* Frameworks */ = {
			isa = PBXGroup;
			children = (
				8F8A32B4160C0CD100C1C1F8 /* UIKit.framework */,
				8F8A32B6160C0CD100C1C1F8 /* Foundation.framework */,
				8F8A32B8160C0CD100C1C1F8 /* CoreGraphics.framework */,
				8F8A32DB160C0CD100C1C1F8 /* SenTestingKit.framework */,
			);
			name = Frameworks;
			sourceTree = "<group>";
		};
		8F8A32BA160C0CD100C1C1F8 /* Random */ = {
			isa = PBXGroup;
			children = (
				8F8A32C3160C0CD100C1C1F8 /* AppDelegate.h */,
				8F8A32C4160C0CD100C1C1F8 /* AppDelegate.m */,
				8F8A32C6160C0CD100C1C1F8 /* RootViewController.h */,
				8F8A32C7160C0CD100C1C1F8 /* RootViewController.m */,
				8F8A32C9160C0CD100C1C1F8 /* DataViewController.h */,
				8F8A32CA160C0CD100C1C1F8 /* DataViewController.m */,
				8F8A32CC160C0CD100C1C1F8 /* ModelController.h */,
				8F8A32CD160C0CD100C1C1F8 /* ModelController.m */,
				8F8A32CF160C0CD100C1C1F8 /* MainStoryboard_iPhone.storyboard */,
				8F8A32D2160C0CD100C1C1F8 /* MainStoryboard_iPad.storyboard */,
				8F8A32BB160C0CD100C1C1F8 /* Supporting Files */,
			);
			path = Random;
			sourceTree = "<group>";
		};
		8F8A32BB160C0CD100C1C1F8 /* Supporting Files */ = {
			isa = PBXGroup;
			children = (
				8F8A32BC160C0CD100C1C1F8 /* Random-Info.plist */,
				8F8A32BD160C0CD100C1C1F8 /* InfoPlist.strings */,
				8F8A32C0160C0CD100C1C1F8 /* main.m */,
				8F8A32C2160C0CD100C1C1F8 /* Random-Prefix.pch */,
			);
			name = "Supporting Files";
			sourceTree = "<group>";
		};
		8F8A32E1160C0CD100C1C1F8 /* RandomTests */ = {
			isa = PBXGroup;
			children = (
				8F8A32E7160C0CD100C1C1F8 /* RandomTests.h */,
				8F8A32E8160C0CD100C1C1F8 /* RandomTests.m */,
				8F8A32E2160C0CD100C1C1F8 /* Supporting Files */,
			);
			path = RandomTests;
			sourceTree = "<group>";
		};
		8F8A32E2160C0CD100C1C1F8 /* Supporting Files */ = {
			isa = PBXGroup;
			children = (
				8F8A32E3160C0CD100C1C1F8 /* RandomTests-Info.plist */,
				8F8A32E4160C0CD100C1C1F8 /* InfoPlist.strings */,
			);
			name = "Supporting Files";
			sourceTree = "<group>";
		};
/* End PBXGroup section */

/* Begin PBXNativeTarget section */
		8F8A32AF160C0CD100C1C1F8 /* Random */ = {
			isa = PBXNativeTarget;
			buildConfigurationList = 8F8A32EC160C0CD100C1C1F8 /* Build configuration list for PBXNativeTarget "Random" */;
			buildPhases = (
				8F8A32AC160C0CD100C1C1F8 /* Sources */,
				8F8A32AD160C0CD100C1C1F8 /* Frameworks */,
				8F8A32AE160C0CD100C1C1F8 /* Resources */,
			);
			buildRules = (
			);
			dependencies = (
			);
			name = Random;
			productName = Random;
			productReference = 8F8A32B0160C0CD100C1C1F8 /* Random.app */;
			productType = "com.apple.product-type.application";
		};
		8F8A32D9160C0CD100C1C1F8 /* RandomTests */ = {
			isa = PBXNativeTarget;
			buildConfigurationList = 8F8A32EF160C0CD100C1C1F8 /* Build configuration list for PBXNativeTarget "RandomTests" */;
			buildPhases = (
				8F8A32D5160C0CD100C1C1F8 /* Sources */,
				8F8A32D6160C0CD100C1C1F8 /* Frameworks */,
				8F8A32D7160C0CD100C1C1F8 /* Resources */,
				8F8A32D8160C0CD100C1C1F8 /* ShellScript */,
			);
			buildRules = (
			);
			dependencies = (
				8F8A32E0160C0CD100C1C1F8 /* PBXTargetDependency */,
			);
			name = RandomTests;
			productName = RandomTests;
			productReference = 8F8A32DA160C0CD100C1C1F8 /* RandomTests.octest */;
			productType = "com.apple.product-type.bundle";
		};
/* End PBXNativeTarget section */

/* Begin PBXProject section */
		8F8A32A7160C0CD100C1C1F8 /* Project object */ = {
			isa = PBXProject;
			attributes = {
				LastUpgradeCheck = 0440;
				ORGANIZATIONNAME = "Daniel Bolster";
			};
			buildConfigurationList = 8F8A32AA160C0CD100C1C1F8 /* Build configuration list for PBXProject "Random" */;
			compatibilityVersion = "Xcode 3.2";
			developmentRegion = English;
			hasScannedForEncodings = 0;
			knownRegions = (
				en,
			);
			mainGroup = 8F8A32A5160C0CD100C1C1F8;
			productRefGroup = 8F8A32B1160C0CD100C1C1F8 /* Products */;
			projectDirPath = "";
			projectRoot = "";
			targets = (
				8F8A32AF160C0CD100C1C1F8 /* Random */,
				8F8A32D9160C0CD100C1C1F8 /* RandomTests */,
			);
		};
/* End PBXProject section */

/* Begin PBXResourcesBuildPhase section */
		8F8A32AE160C0CD100C1C1F8 /* Resources */ = {
			isa = PBXResourcesBuildPhase;
			buildActionMask = 2147483647;
			files = (
				8F8A32BF160C0CD100C1C1F8 /* InfoPlist.strings in Resources */,
				8F8A32D1160C0CD100C1C1F8 /* MainStoryboard_iPhone.storyboard in Resources */,
				8F8A32D4160C0CD100C1C1F8 /* MainStoryboard_iPad.storyboard in Resources */,
			);
			runOnlyForDeploymentPostprocessing = 0;
		};
		8F8A32D7160C0CD100C1C1F8 /* Resources */ = {
			isa = PBXResourcesBuildPhase;
			buildActionMask = 2147483647;
			files = (
				8F8A32E6160C0CD100C1C1F8 /* InfoPlist.strings in Resources */,
			);
			runOnlyForDeploymentPostprocessing = 0;
		};
/* End PBXResourcesBuildPhase section */

/* Begin PBXShellScriptBuildPhase section */
		8F8A32D8160C0CD100C1C1F8 /* ShellScript */ = {
			isa = PBXShellScriptBuildPhase;
			buildActionMask = 2147483647;
			files = (
			);
			inputPaths = (
			);
			outputPaths = (
			);
			runOnlyForDeploymentPostprocessing = 0;
			shellPath = /bin/sh;
			shellScript = "# Run the unit tests in this test bundle.\n\"${SYSTEM_DEVELOPER_DIR}/Tools/RunUnitTests\"\n";
		};
/* End PBXShellScriptBuildPhase section */

/* Begin PBXSourcesBuildPhase section */
		8F8A32AC160C0CD100C1C1F8 /* Sources */ = {
			isa = PBXSourcesBuildPhase;
			buildActionMask = 2147483647;
			files = (
				8F8A32C1160C0CD100C1C1F8 /* main.m in Sources */,
				8F8A32C5160C0CD100C1C1F8 /* AppDelegate.m in Sources */,
				8F8A32C8160C0CD100C1C1F8 /* RootViewController.m in Sources */,
				8F8A32CB160C0CD100C1C1F8 /* DataViewController.m in Sources */,
				8F8A32CE160C0CD100C1C1F8 /* ModelController.m in Sources */,
			);
			runOnlyForDeploymentPostprocessing = 0;
		};
		8F8A32D5160C0CD100C1C1F8 /* Sources */ = {
			isa = PBXSourcesBuildPhase;
			buildActionMask = 2147483647;
			files = (
				8F8A32E9160C0CD100C1C1F8 /* RandomTests.m in Sources */,
			);
			runOnlyForDeploymentPostprocessing = 0;
		};
/* End PBXSourcesBuildPhase section */

/* Begin PBXTargetDependency section */
		8F8A32E0160C0CD100C1C1F8 /* PBXTargetDependency */ = {
			isa = PBXTargetDependency;
			target = 8F8A32AF160C0CD100C1C1F8 /* Random */;
			targetProxy = 8F8A32DF160C0CD100C1C1F8 /* PBXContainerItemProxy */;
		};
/* End PBXTargetDependency section */

/* Begin PBXVariantGroup section */
		8F8A32BD160C0CD100C1C1F8 /* InfoPlist.strings */ = {
			isa = PBXVariantGroup;
			children = (
				8F8A32BE160C0CD100C1C1F8 /* en */,
			);
			name = InfoPlist.strings;
			sourceTree = "<group>";
		};
		8F8A32CF160C0CD100C1C1F8 /* MainStoryboard_iPhone.storyboard */ = {
			isa = PBXVariantGroup;
			children = (
				8F8A32D0160C0CD100C1C1F8 /* en */,
			);
			name = MainStoryboard_iPhone.storyboard;
			sourceTree = "<group>";
		};
		8F8A32D2160C0CD100C1C1F8 /* MainStoryboard_iPad.storyboard */ = {
			isa = PBXVariantGroup;
			children = (
				8F8A32D3160C0CD100C1C1F8 /* en */,
			);
			name = MainStoryboard_iPad.storyboard;
			sourceTree = "<group>";
		};
		8F8A32E4160C0CD100C1C1F8 /* InfoPlist.strings */ = {
			isa = PBXVariantGroup;
			children = (
				8F8A32E5160C0CD100C1C1F8 /* en */,
			);
			name = InfoPlist.strings;
			sourceTree = "<group>";
		};
/* End PBXVariantGroup section */

/* Begin XCBuildConfiguration section */
		8F8A32EA160C0CD100C1C1F8 /* Debug */ = {
			isa = XCBuildConfiguration;
			buildSettings = {
				ALWAYS_SEARCH_USER_PATHS = NO;
				ARCHS = "$(ARCHS_STANDARD_32_BIT)";
				CLANG_CXX_LANGUAGE_STANDARD = "gnu++0x";
				CLANG_ENABLE_OBJC_ARC = YES;
				CLANG_WARN__DUPLICATE_METHOD_MATCH = YES;
				"CODE_SIGN_IDENTITY[sdk=iphoneos*]" = "iPhone Developer";
				COPY_PHASE_STRIP = NO;
				GCC_C_LANGUAGE_STANDARD = gnu99;
				GCC_DYNAMIC_NO_PIC = NO;
				GCC_OPTIMIZATION_LEVEL = 0;
				GCC_PREPROCESSOR_DEFINITIONS = (
					"DEBUG=1",
					"$(inherited)",
				);
				GCC_SYMBOLS_PRIVATE_EXTERN = NO;
				GCC_VERSION = com.apple.compilers.llvm.clang.1_0;
				GCC_WARN_ABOUT_RETURN_TYPE = YES;
				GCC_WARN_UNINITIALIZED_AUTOS = YES;
				GCC_WARN_UNUSED_VARIABLE = YES;
				IPHONEOS_DEPLOYMENT_TARGET = 5.1;
				SDKROOT = iphoneos;
				TARGETED_DEVICE_FAMILY = "1,2";
			};
			name = Debug;
		};
		8F8A32EB160C0CD100C1C1F8 /* Release */ = {
			isa = XCBuildConfiguration;
			buildSettings = {
				ALWAYS_SEARCH_USER_PATHS = NO;
				ARCHS = "$(ARCHS_STANDARD_32_BIT)";
				CLANG_CXX_LANGUAGE_STANDARD = "gnu++0x";
				CLANG_ENABLE_OBJC_ARC = YES;
				CLANG_WARN__DUPLICATE_METHOD_MATCH = YES;
				"CODE_SIGN_IDENTITY[sdk=iphoneos*]" = "iPhone Developer";
				COPY_PHASE_STRIP = YES;
				GCC_C_LANGUAGE_STANDARD = gnu99;
				GCC_VERSION = com.apple.compilers.llvm.clang.1_0;
				GCC_WARN_ABOUT_RETURN_TYPE = YES;
				GCC_WARN_UNINITIALIZED_AUTOS = YES;
				GCC_WARN_UNUSED_VARIABLE = YES;
				IPHONEOS_DEPLOYMENT_TARGET = 5.1;
				OTHER_CFLAGS = "-DNS_BLOCK_ASSERTIONS=1";
				SDKROOT = iphoneos;
				TARGETED_DEVICE_FAMILY = "1,2";
				VALIDATE_PRODUCT = YES;
			};
			name = Release;
		};
		8F8A32ED160C0CD100C1C1F8 /* Debug */ = {
			isa = XCBuildConfiguration;
			buildSettings = {
				GCC_PRECOMPILE_PREFIX_HEADER = YES;
				GCC_PREFIX_HEADER = "Random/Random-Prefix.pch";
				INFOPLIST_FILE = "Random/Random-Info.plist";
				PRODUCT_NAME = "$(TARGET_NAME)";
				WRAPPER_EXTENSION = app;
			};
			name = Debug;
		};
		8F8A32EE160C0CD100C1C1F8 /* Release */ = {
			isa = XCBuildConfiguration;
			buildSettings = {
				GCC_PRECOMPILE_PREFIX_HEADER = YES;
				GCC_PREFIX_HEADER = "Random/Random-Prefix.pch";
				INFOPLIST_FILE = "Random/Random-Info.plist";
				PRODUCT_NAME = "$(TARGET_NAME)";
				WRAPPER_EXTENSION = app;
			};
			name = Release;
		};
		8F8A32F0160C0CD100C1C1F8 /* Debug */ = {
			isa = XCBuildConfiguration;
			buildSettings = {
				BUNDLE_LOADER = "$(BUILT_PRODUCTS_DIR)/Random.app/Random";
				FRAMEWORK_SEARCH_PATHS = (
					"\"$(SDKROOT)/Developer/Library/Frameworks\"",
					"\"$(DEVELOPER_LIBRARY_DIR)/Frameworks\"",
				);
				GCC_PRECOMPILE_PREFIX_HEADER = YES;
				GCC_PREFIX_HEADER = "Random/Random-Prefix.pch";
				INFOPLIST_FILE = "RandomTests/RandomTests-Info.plist";
				PRODUCT_NAME = "$(TARGET_NAME)";
				TEST_HOST = "$(BUNDLE_LOADER)";
				WRAPPER_EXTENSION = octest;
			};
			name = Debug;
		};
		8F8A32F1160C0CD100C1C1F8 /* Release */ = {
			isa = XCBuildConfiguration;
			buildSettings = {
				BUNDLE_LOADER = "$(BUILT_PRODUCTS_DIR)/Random.app/Random";
				FRAMEWORK_SEARCH_PATHS = (
					"\"$(SDKROOT)/Developer/Library/Frameworks\"",
					"\"$(DEVELOPER_LIBRARY_DIR)/Frameworks\"",
				);
				GCC_PRECOMPILE_PREFIX_HEADER = YES;
				GCC_PREFIX_HEADER = "Random/Random-Prefix.pch";
				INFOPLIST_FILE = "RandomTests/RandomTests-Info.plist";
				PRODUCT_NAME = "$(TARGET_NAME)";
				TEST_HOST = "$(BUNDLE_LOADER)";
				WRAPPER_EXTENSION = octest;
			};
			name = Release;
		};
/* End XCBuildConfiguration section */

/* Begin XCConfigurationList section */
		8F8A32AA160C0CD100C1C1F8 /* Build configuration list for PBXProject "Random" */ = {
			isa = XCConfigurationList;
			buildConfigurations = (
				8F8A32EA160C0CD100C1C1F8 /* Debug */,
				8F8A32EB160C0CD100C1C1F8 /* Release */,
			);
			defaultConfigurationIsVisible = 0;
			defaultConfigurationName = Release;
		};
		8F8A32EC160C0CD100C1C1F8 /* Build configuration list for PBXNativeTarget "Random" */ = {
			isa = XCConfigurationList;
			buildConfigurations = (
				8F8A32ED160C0CD100C1C1F8 /* Debug */,
				8F8A32EE160C0CD100C1C1F8 /* Release */,
			);
			defaultConfigurationIsVisible = 0;
		};
		8F8A32EF160C0CD100C1C1F8 /* Build configuration list for PBXNativeTarget "RandomTests" */ = {
			isa = XCConfigurationList;
			buildConfigurations = (
				8F8A32F0160C0CD100C1C1F8 /* Debug */,
				8F8A32F1160C0CD100C1C1F8 /* Release */,
			);
			defaultConfigurationIsVisible = 0;
		};
/* End XCConfigurationList section */
	};
	rootObject = 8F8A32A7160C0CD100C1C1F8 /* Project object */;
}
